
Microsoft Visual Studio Solution File, Format Version 12.00
# Visual Studio Version 16
VisualStudioVersion = 16.0.31402.337
MinimumVisualStudioVersion = 10.0.40219.1
Project("{FAE04EC0-301F-11D3-BF4B-00C04F79EFBC}") = "CarDealership", "CarDealership\CarDealership.csproj", "{A6FE2DEB-F45C-44DC-A7EF-A3A66A2BA450}"
EndProject
Global
	GlobalSection(SolutionConfigurationPlatforms) = preSolution
		Debug|Any CPU = Debug|Any CPU
		Release|Any CPU = Release|Any CPU
	EndGlobalSection
	GlobalSection(ProjectConfigurationPlatforms) = postSolution
		{A6FE2DEB-F45C-44DC-A7EF-A3A66A2BA450}.Debug|Any CPU.ActiveCfg = Debug|Any CPU
		{A6FE2DEB-F45C-44DC-A7EF-A3A66A2BA450}.Debug|Any CPU.Build.0 = Debug|Any CPU
		{A6FE2DEB-F45C-44DC-A7EF-A3A66A2BA450}.Release|Any CPU.ActiveCfg = Release|Any CPU
		{A6FE2DEB-F45C-44DC-A7EF-A3A66A2BA450}.Release|Any CPU.Build.0 = Release|Any CPU
	EndGlobalSection
	GlobalSection(SolutionProperties) = preSolution
		HideSolutionNode = FALSE
	EndGlobalSection
	GlobalSection(ExtensibilityGlobals) = postSolution
		SolutionGuid = {ACA1ECEB-99FF-4CFB-8E65-2C284C635777}
	EndGlobalSection
EndGlobal
